{
  "version": "5",
  "specifiers": {
    "npm:zod@^4.5.4": "4.5.4"
  },
  "npm": {
    "zod@4.5.4": {
      "integrity": "sha512-sC95tT5iHHH9gtpj6A81kh+NEaRAUFN+qlUPDUbRfOMvNf5QCBqsb3WgvnpVtK5Y+4UfA6KqufotuTvMGiTlsA=="
    }
  },
  "workspace": {
    "dependencies": [
      "npm:zod@^4.5.4"
    ]
  }
}
